{
  "name": "telegram-bot",
  "version": "1.0.0",
  "lockfileVersion": 1,
  "requires": true,
  "dependencies": {
    "moment": {
      "version": "2.29.1",
      "resolved": "https://registry.npmjs.org/moment/-/moment-2.29.1.tgz",
      "integrity": "sha512-XXIP3PEz81pTX6fv9sd6dI8PL0GWsH8fSVlR9XtTZUT0DPnFwQArZngx+Lxqc+jcKX1Q/6svWz2Ku2jsmdsPzA==",
      "dev": true,
      "requires": {
        "loose-envify": "^1.1.0",
        "object-assign": "^4.1.1"
      }
    },
    "moment-timezone": {
      "version": "0.5.34",
      "resolved": "https://registry.npmjs.org/moment-timezone/-/moment-timezone-0.5.34.tgz",
      "integrity": "sha512-37C/ZhJn2JXnx0kCd8WcD3t+xoh32w4Fy9rB/+5h1BkNTam1tVUaN8OkeM4vYHxV2JOgXjg+1rhc9N4+/JyGGw==",
      "dev": true,
      "requires": {
        "moment": ">= 2.9.0"
      }
    },
    "telegraf": {
      "version": "4.7.1",
      "resolved": "https://registry.npmjs.org/telegraf/-/telegraf-4.7.1.tgz",
      "integrity": "sha512-7z0twH28gbW6W7Nq1WZJL0YxglY/cBmIeNgSC0Qz4Bqz+4yapQFEB2yLpX1OcQsWxT1kZqHFHX4s1ZgFCvQ/jg==",
      "requires": {
        "axios": "^0.21.1",
        "bluebird": "^3.5.5",
        "cheerio": "^1.0.0-rc.3",
        "emoji-regex": "^7.0.3",
        "fs-extra": "^7.0.1",
        "html-entities": "^1.3.1",
        "is-stream": "^2.0.0",
        "lodash": "^4.17.11",
        "markdown-it": "^10.0.0",
        "node-fetch": "^2.6.0",
        "safe-buffer": "^5.2.1",
        "stream-throttle": "^0.1.3",
        "telegraf-session-mongodb": "^1.2.2",
        "unzipper": "^0.10.11",
        "xml2js": "^0.4.22",
        "xmlbuilder": "^13.0.1",
        "ytdl-core": "^1.0.0"
      }
    }
  }
}

